
Microsoft Visual Studio Solution File, Format Version 12.00
# Visual Studio Version 17
VisualStudioVersion = 17.11.35312.102
MinimumVisualStudioVersion = 10.0.40219.1
Project("{FAE04EC0-301F-11D3-BF4B-00C04F79EFBC}") = "ConsoleApp", "ConsoleApp\ConsoleApp.csproj", "{638BAFB7-ABCB-48F3-B786-2B8DDDC590D7}"
EndProject
Project("{FAE04EC0-301F-11D3-BF4B-00C04F79EFBC}") = "Конверт валют", "Конверт валют\Конверт валют.csproj", "{EC1180D2-3523-4369-8B44-2092456FC9FD}"
EndProject
Project("{FAE04EC0-301F-11D3-BF4B-00C04F79EFBC}") = "If_parity", "If_parity\If_parity.csproj", "{58DEF8B2-1004-4386-880A-31C51105F74F}"
EndProject
Project("{FAE04EC0-301F-11D3-BF4B-00C04F79EFBC}") = "calculator", "calculator\calculator.csproj", "{136D8D9E-23A0-42B8-BAFB-0D6969B815FC}"
EndProject
Project("{FAE04EC0-301F-11D3-BF4B-00C04F79EFBC}") = "Четные не четные кол-во while", "Четные не четные кол-во while\Четные не четные кол-во while.csproj", "{E2F45508-CC5A-4A56-90C9-61BD7794A78F}"
EndProject
Project("{FAE04EC0-301F-11D3-BF4B-00C04F79EFBC}") = "triangle", "triangle\triangle.csproj", "{478AD6D8-E25B-445C-B6D7-3CD7759D0BED}"
EndProject
Project("{FAE04EC0-301F-11D3-BF4B-00C04F79EFBC}") = "Массивы", "Массивы\Массивы.csproj", "{546D959E-AA38-4A5D-94F1-641DF0181C68}"
EndProject
Project("{FAE04EC0-301F-11D3-BF4B-00C04F79EFBC}") = "Массивы типичные задачи, с типичными решениями", "Массивы типичные задачи, с типичными решениями\Массивы типичные задачи, с типичными решениями.csproj", "{A5CC4531-4983-46DC-A04F-2B11C5C88827}"
EndProject
Project("{9A19103F-16F7-4668-BE54-9A1E7A4F7556}") = "ИНДЕКСЫ И ДИАПАЗОНЫ", "ИНДЕКСЫ И ДИАПАЗОНЫ\ИНДЕКСЫ И ДИАПАЗОНЫ.csproj", "{A2830585-69C6-4E9D-B2AC-02EF5D44D5D0}"
EndProject
Project("{9A19103F-16F7-4668-BE54-9A1E7A4F7556}") = "Двумерные массивы", "Двумерные массивы\Двумерные массивы.csproj", "{A1D8E0EF-0291-486B-9B4B-8E09AF83788B}"
EndProject
Project("{9A19103F-16F7-4668-BE54-9A1E7A4F7556}") = "Двумерные массивы заполнение с клавы и случайными числами", "Двумерные массивы заполнение с клавы и случайными числами\Двумерные массивы заполнение с клавы и случайными числами.csproj", "{56310358-9FB9-49F0-A9E9-8D2D2E46A277}"
EndProject
Project("{9A19103F-16F7-4668-BE54-9A1E7A4F7556}") = "Зубчатые массивы", "Зубчатые массивы\Зубчатые массивы.csproj", "{BD126107-A5A8-46ED-8242-0B97A9B7D9BA}"
EndProject
Project("{9A19103F-16F7-4668-BE54-9A1E7A4F7556}") = "Трехмерные массивы", "Трехмерные массивы\Трехмерные массивы.csproj", "{7E67FD98-25DE-4217-AA40-516D321C8039}"
EndProject
Project("{9A19103F-16F7-4668-BE54-9A1E7A4F7556}") = "ФУНКЦИИ И МЕТОДЫ", "ФУНКЦИИ И МЕТОДЫ\ФУНКЦИИ И МЕТОДЫ.csproj", "{3D62F567-C373-4B63-8E50-213C4B6E86B2}"
EndProject
Project("{9A19103F-16F7-4668-BE54-9A1E7A4F7556}") = "ФУНКЦИИ_И_МЕТОДЫ__2", "ФУНКЦИИ_И_МЕТОДЫ__2\ФУНКЦИИ_И_МЕТОДЫ__2.csproj", "{EB142AC9-BBCA-4AC0-B716-888603317AB2}"
EndProject
Project("{9A19103F-16F7-4668-BE54-9A1E7A4F7556}") = "Перегрузка методов", "Перегрузка методов\Перегрузка методов.csproj", "{6326D002-509D-44D1-A604-AAEBA745B8DB}"
EndProject
Project("{9A19103F-16F7-4668-BE54-9A1E7A4F7556}") = "Пройденные уроки без кода", "Пройденные уроки без кода\Пройденные уроки без кода.csproj", "{9EF9B0A5-08CF-4E61-8A61-D42CD72A912F}"
EndProject
Project("{9A19103F-16F7-4668-BE54-9A1E7A4F7556}") = "REF", "REF\REF.csproj", "{FF7E78B0-D1BF-4F0F-9511-4587F4EE3E52}"
EndProject
Project("{9A19103F-16F7-4668-BE54-9A1E7A4F7556}") = "Изменение размера массива", "Изменение размера массива\Изменение размера массива.csproj", "{C8ABFA64-CD6B-4430-BE98-A3B20851C1BD}"
EndProject
Project("{9A19103F-16F7-4668-BE54-9A1E7A4F7556}") = "Добавление элемента в массив", "Добавление элемента в массив\Добавление элемента в массив.csproj", "{B1170DC9-D3CE-4994-A6D7-7FCD9E44A191}"
EndProject
Project("{9A19103F-16F7-4668-BE54-9A1E7A4F7556}") = "УДАЛИТЬ ЭЛЕМЕНТ ИЗ МАССИВА", "УДАЛИТЬ ЭЛЕМЕНТ ИЗ МАССИВА\УДАЛИТЬ ЭЛЕМЕНТ ИЗ МАССИВА.csproj", "{914284F9-B027-4AFE-BF89-909A707220CC}"
EndProject
Project("{9A19103F-16F7-4668-BE54-9A1E7A4F7556}") = "Ключевое слово OUT", "Ключевое слово OUT\Ключевое слово OUT.csproj", "{1A2F578A-AB1A-4B7A-BA94-EB32A8797D6A}"
EndProject
Project("{9A19103F-16F7-4668-BE54-9A1E7A4F7556}") = "Ключевое слово IN", "Ключевое слово IN\Ключевое слово IN.csproj", "{136EF68C-0CAD-4A3B-A4D3-252332B41650}"
EndProject
Project("{9A19103F-16F7-4668-BE54-9A1E7A4F7556}") = "Вычесление диогонали", "Вычесление диогонали\Вычесление диогонали.csproj", "{9CE3E7A1-EF11-4E85-9315-339291EFFCFE}"
EndProject
Project("{9A19103F-16F7-4668-BE54-9A1E7A4F7556}") = "Rand", "Rand\Rand.csproj", "{7D932380-FAF4-4485-A308-DD406B6CE2E3}"
EndProject
Project("{9A19103F-16F7-4668-BE54-9A1E7A4F7556}") = "рекурсия", "рекурсия\рекурсия.csproj", "{C14EA3E9-D972-40BC-84C0-DCA3CE6533C6}"
EndProject
Project("{9A19103F-16F7-4668-BE54-9A1E7A4F7556}") = "Арифметическое переполнение", "Арифметическое переполнение\Арифметическое переполнение.csproj", "{0F4434D1-7D54-4D19-A160-96F28EADDCAB}"
EndProject
Project("{9A19103F-16F7-4668-BE54-9A1E7A4F7556}") = "LeetCode", "LeetCode\LeetCode.csproj", "{6FE51E1F-8510-4DB6-A4FC-64AF253DE770}"
EndProject
Project("{FAE04EC0-301F-11D3-BF4B-00C04F79EFBC}") = "Enum", "Enum\Enum.csproj", "{28FE8095-47C8-4BE0-AAEA-B9AE7FF18FC9}"
EndProject
Project("{FAE04EC0-301F-11D3-BF4B-00C04F79EFBC}") = "Interfece", "Interfece\Interfece.csproj", "{153D4925-9844-49D7-AC38-DF74EADA47E0}"
EndProject
Project("{FAE04EC0-301F-11D3-BF4B-00C04F79EFBC}") = "List", "List\List.csproj", "{1D48F8FC-545F-484B-B12A-47D1E92A488E}"
EndProject
Project("{FAE04EC0-301F-11D3-BF4B-00C04F79EFBC}") = "Dictionary", "Dictionary\Dictionary.csproj", "{13DB917F-BB2E-4B76-A0A1-23D8F986F002}"
EndProject
Project("{FAE04EC0-301F-11D3-BF4B-00C04F79EFBC}") = "LINQ", "LINQ\LINQ.csproj", "{270EAD4B-84AF-466E-B266-D04D698C7685}"
EndProject
Project("{FAE04EC0-301F-11D3-BF4B-00C04F79EFBC}") = "исключения", "исключения\исключения.csproj", "{F07807D4-9F82-40E6-AF21-5FAA52EE447F}"
EndProject
Global
	GlobalSection(SolutionConfigurationPlatforms) = preSolution
		Debug|Any CPU = Debug|Any CPU
		Release|Any CPU = Release|Any CPU
	EndGlobalSection
	GlobalSection(ProjectConfigurationPlatforms) = postSolution
		{638BAFB7-ABCB-48F3-B786-2B8DDDC590D7}.Debug|Any CPU.ActiveCfg = Debug|Any CPU
		{638BAFB7-ABCB-48F3-B786-2B8DDDC590D7}.Debug|Any CPU.Build.0 = Debug|Any CPU
		{638BAFB7-ABCB-48F3-B786-2B8DDDC590D7}.Release|Any CPU.ActiveCfg = Release|Any CPU
		{638BAFB7-ABCB-48F3-B786-2B8DDDC590D7}.Release|Any CPU.Build.0 = Release|Any CPU
		{EC1180D2-3523-4369-8B44-2092456FC9FD}.Debug|Any CPU.ActiveCfg = Debug|Any CPU
		{EC1180D2-3523-4369-8B44-2092456FC9FD}.Debug|Any CPU.Build.0 = Debug|Any CPU
		{EC1180D2-3523-4369-8B44-2092456FC9FD}.Release|Any CPU.ActiveCfg = Release|Any CPU
		{EC1180D2-3523-4369-8B44-2092456FC9FD}.Release|Any CPU.Build.0 = Release|Any CPU
		{58DEF8B2-1004-4386-880A-31C51105F74F}.Debug|Any CPU.ActiveCfg = Debug|Any CPU
		{58DEF8B2-1004-4386-880A-31C51105F74F}.Debug|Any CPU.Build.0 = Debug|Any CPU
		{58DEF8B2-1004-4386-880A-31C51105F74F}.Release|Any CPU.ActiveCfg = Release|Any CPU
		{58DEF8B2-1004-4386-880A-31C51105F74F}.Release|Any CPU.Build.0 = Release|Any CPU
		{136D8D9E-23A0-42B8-BAFB-0D6969B815FC}.Debug|Any CPU.ActiveCfg = Debug|Any CPU
		{136D8D9E-23A0-42B8-BAFB-0D6969B815FC}.Debug|Any CPU.Build.0 = Debug|Any CPU
		{136D8D9E-23A0-42B8-BAFB-0D6969B815FC}.Release|Any CPU.ActiveCfg = Release|Any CPU
		{136D8D9E-23A0-42B8-BAFB-0D6969B815FC}.Release|Any CPU.Build.0 = Release|Any CPU
		{E2F45508-CC5A-4A56-90C9-61BD7794A78F}.Debug|Any CPU.ActiveCfg = Debug|Any CPU
		{E2F45508-CC5A-4A56-90C9-61BD7794A78F}.Debug|Any CPU.Build.0 = Debug|Any CPU
		{E2F45508-CC5A-4A56-90C9-61BD7794A78F}.Release|Any CPU.ActiveCfg = Release|Any CPU
		{E2F45508-CC5A-4A56-90C9-61BD7794A78F}.Release|Any CPU.Build.0 = Release|Any CPU
		{478AD6D8-E25B-445C-B6D7-3CD7759D0BED}.Debug|Any CPU.ActiveCfg = Debug|Any CPU
		{478AD6D8-E25B-445C-B6D7-3CD7759D0BED}.Debug|Any CPU.Build.0 = Debug|Any CPU
		{478AD6D8-E25B-445C-B6D7-3CD7759D0BED}.Release|Any CPU.ActiveCfg = Release|Any CPU
		{478AD6D8-E25B-445C-B6D7-3CD7759D0BED}.Release|Any CPU.Build.0 = Release|Any CPU
		{546D959E-AA38-4A5D-94F1-641DF0181C68}.Debug|Any CPU.ActiveCfg = Debug|Any CPU
		{546D959E-AA38-4A5D-94F1-641DF0181C68}.Debug|Any CPU.Build.0 = Debug|Any CPU
		{546D959E-AA38-4A5D-94F1-641DF0181C68}.Release|Any CPU.ActiveCfg = Release|Any CPU
		{546D959E-AA38-4A5D-94F1-641DF0181C68}.Release|Any CPU.Build.0 = Release|Any CPU
		{A5CC4531-4983-46DC-A04F-2B11C5C88827}.Debug|Any CPU.ActiveCfg = Debug|Any CPU
		{A5CC4531-4983-46DC-A04F-2B11C5C88827}.Debug|Any CPU.Build.0 = Debug|Any CPU
		{A5CC4531-4983-46DC-A04F-2B11C5C88827}.Release|Any CPU.ActiveCfg = Release|Any CPU
		{A5CC4531-4983-46DC-A04F-2B11C5C88827}.Release|Any CPU.Build.0 = Release|Any CPU
		{A2830585-69C6-4E9D-B2AC-02EF5D44D5D0}.Debug|Any CPU.ActiveCfg = Debug|Any CPU
		{A2830585-69C6-4E9D-B2AC-02EF5D44D5D0}.Debug|Any CPU.Build.0 = Debug|Any CPU
		{A2830585-69C6-4E9D-B2AC-02EF5D44D5D0}.Release|Any CPU.ActiveCfg = Release|Any CPU
		{A2830585-69C6-4E9D-B2AC-02EF5D44D5D0}.Release|Any CPU.Build.0 = Release|Any CPU
		{A1D8E0EF-0291-486B-9B4B-8E09AF83788B}.Debug|Any CPU.ActiveCfg = Debug|Any CPU
		{A1D8E0EF-0291-486B-9B4B-8E09AF83788B}.Debug|Any CPU.Build.0 = Debug|Any CPU
		{A1D8E0EF-0291-486B-9B4B-8E09AF83788B}.Release|Any CPU.ActiveCfg = Release|Any CPU
		{A1D8E0EF-0291-486B-9B4B-8E09AF83788B}.Release|Any CPU.Build.0 = Release|Any CPU
		{56310358-9FB9-49F0-A9E9-8D2D2E46A277}.Debug|Any CPU.ActiveCfg = Debug|Any CPU
		{56310358-9FB9-49F0-A9E9-8D2D2E46A277}.Debug|Any CPU.Build.0 = Debug|Any CPU
		{56310358-9FB9-49F0-A9E9-8D2D2E46A277}.Release|Any CPU.ActiveCfg = Release|Any CPU
		{56310358-9FB9-49F0-A9E9-8D2D2E46A277}.Release|Any CPU.Build.0 = Release|Any CPU
		{BD126107-A5A8-46ED-8242-0B97A9B7D9BA}.Debug|Any CPU.ActiveCfg = Debug|Any CPU
		{BD126107-A5A8-46ED-8242-0B97A9B7D9BA}.Debug|Any CPU.Build.0 = Debug|Any CPU
		{BD126107-A5A8-46ED-8242-0B97A9B7D9BA}.Release|Any CPU.ActiveCfg = Release|Any CPU
		{BD126107-A5A8-46ED-8242-0B97A9B7D9BA}.Release|Any CPU.Build.0 = Release|Any CPU
		{7E67FD98-25DE-4217-AA40-516D321C8039}.Debug|Any CPU.ActiveCfg = Debug|Any CPU
		{7E67FD98-25DE-4217-AA40-516D321C8039}.Debug|Any CPU.Build.0 = Debug|Any CPU
		{7E67FD98-25DE-4217-AA40-516D321C8039}.Release|Any CPU.ActiveCfg = Release|Any CPU
		{7E67FD98-25DE-4217-AA40-516D321C8039}.Release|Any CPU.Build.0 = Release|Any CPU
		{3D62F567-C373-4B63-8E50-213C4B6E86B2}.Debug|Any CPU.ActiveCfg = Debug|Any CPU
		{3D62F567-C373-4B63-8E50-213C4B6E86B2}.Debug|Any CPU.Build.0 = Debug|Any CPU
		{3D62F567-C373-4B63-8E50-213C4B6E86B2}.Release|Any CPU.ActiveCfg = Release|Any CPU
		{3D62F567-C373-4B63-8E50-213C4B6E86B2}.Release|Any CPU.Build.0 = Release|Any CPU
		{EB142AC9-BBCA-4AC0-B716-888603317AB2}.Debug|Any CPU.ActiveCfg = Debug|Any CPU
		{EB142AC9-BBCA-4AC0-B716-888603317AB2}.Debug|Any CPU.Build.0 = Debug|Any CPU
		{EB142AC9-BBCA-4AC0-B716-888603317AB2}.Release|Any CPU.ActiveCfg = Release|Any CPU
		{EB142AC9-BBCA-4AC0-B716-888603317AB2}.Release|Any CPU.Build.0 = Release|Any CPU
		{6326D002-509D-44D1-A604-AAEBA745B8DB}.Debug|Any CPU.ActiveCfg = Debug|Any CPU
		{6326D002-509D-44D1-A604-AAEBA745B8DB}.Debug|Any CPU.Build.0 = Debug|Any CPU
		{6326D002-509D-44D1-A604-AAEBA745B8DB}.Release|Any CPU.ActiveCfg = Release|Any CPU
		{6326D002-509D-44D1-A604-AAEBA745B8DB}.Release|Any CPU.Build.0 = Release|Any CPU
		{9EF9B0A5-08CF-4E61-8A61-D42CD72A912F}.Debug|Any CPU.ActiveCfg = Debug|Any CPU
		{9EF9B0A5-08CF-4E61-8A61-D42CD72A912F}.Debug|Any CPU.Build.0 = Debug|Any CPU
		{9EF9B0A5-08CF-4E61-8A61-D42CD72A912F}.Release|Any CPU.ActiveCfg = Release|Any CPU
		{9EF9B0A5-08CF-4E61-8A61-D42CD72A912F}.Release|Any CPU.Build.0 = Release|Any CPU
		{FF7E78B0-D1BF-4F0F-9511-4587F4EE3E52}.Debug|Any CPU.ActiveCfg = Debug|Any CPU
		{FF7E78B0-D1BF-4F0F-9511-4587F4EE3E52}.Debug|Any CPU.Build.0 = Debug|Any CPU
		{FF7E78B0-D1BF-4F0F-9511-4587F4EE3E52}.Release|Any CPU.ActiveCfg = Release|Any CPU
		{FF7E78B0-D1BF-4F0F-9511-4587F4EE3E52}.Release|Any CPU.Build.0 = Release|Any CPU
		{C8ABFA64-CD6B-4430-BE98-A3B20851C1BD}.Debug|Any CPU.ActiveCfg = Debug|Any CPU
		{C8ABFA64-CD6B-4430-BE98-A3B20851C1BD}.Debug|Any CPU.Build.0 = Debug|Any CPU
		{C8ABFA64-CD6B-4430-BE98-A3B20851C1BD}.Release|Any CPU.ActiveCfg = Release|Any CPU
		{C8ABFA64-CD6B-4430-BE98-A3B20851C1BD}.Release|Any CPU.Build.0 = Release|Any CPU
		{B1170DC9-D3CE-4994-A6D7-7FCD9E44A191}.Debug|Any CPU.ActiveCfg = Debug|Any CPU
		{B1170DC9-D3CE-4994-A6D7-7FCD9E44A191}.Debug|Any CPU.Build.0 = Debug|Any CPU
		{B1170DC9-D3CE-4994-A6D7-7FCD9E44A191}.Release|Any CPU.ActiveCfg = Release|Any CPU
		{B1170DC9-D3CE-4994-A6D7-7FCD9E44A191}.Release|Any CPU.Build.0 = Release|Any CPU
		{914284F9-B027-4AFE-BF89-909A707220CC}.Debug|Any CPU.ActiveCfg = Debug|Any CPU
		{914284F9-B027-4AFE-BF89-909A707220CC}.Debug|Any CPU.Build.0 = Debug|Any CPU
		{914284F9-B027-4AFE-BF89-909A707220CC}.Release|Any CPU.ActiveCfg = Release|Any CPU
		{914284F9-B027-4AFE-BF89-909A707220CC}.Release|Any CPU.Build.0 = Release|Any CPU
		{1A2F578A-AB1A-4B7A-BA94-EB32A8797D6A}.Debug|Any CPU.ActiveCfg = Debug|Any CPU
		{1A2F578A-AB1A-4B7A-BA94-EB32A8797D6A}.Debug|Any CPU.Build.0 = Debug|Any CPU
		{1A2F578A-AB1A-4B7A-BA94-EB32A8797D6A}.Release|Any CPU.ActiveCfg = Release|Any CPU
		{1A2F578A-AB1A-4B7A-BA94-EB32A8797D6A}.Release|Any CPU.Build.0 = Release|Any CPU
		{136EF68C-0CAD-4A3B-A4D3-252332B41650}.Debug|Any CPU.ActiveCfg = Debug|Any CPU
		{136EF68C-0CAD-4A3B-A4D3-252332B41650}.Debug|Any CPU.Build.0 = Debug|Any CPU
		{136EF68C-0CAD-4A3B-A4D3-252332B41650}.Release|Any CPU.ActiveCfg = Release|Any CPU
		{136EF68C-0CAD-4A3B-A4D3-252332B41650}.Release|Any CPU.Build.0 = Release|Any CPU
		{9CE3E7A1-EF11-4E85-9315-339291EFFCFE}.Debug|Any CPU.ActiveCfg = Debug|Any CPU
		{9CE3E7A1-EF11-4E85-9315-339291EFFCFE}.Debug|Any CPU.Build.0 = Debug|Any CPU
		{9CE3E7A1-EF11-4E85-9315-339291EFFCFE}.Release|Any CPU.ActiveCfg = Release|Any CPU
		{9CE3E7A1-EF11-4E85-9315-339291EFFCFE}.Release|Any CPU.Build.0 = Release|Any CPU
		{7D932380-FAF4-4485-A308-DD406B6CE2E3}.Debug|Any CPU.ActiveCfg = Debug|Any CPU
		{7D932380-FAF4-4485-A308-DD406B6CE2E3}.Debug|Any CPU.Build.0 = Debug|Any CPU
		{7D932380-FAF4-4485-A308-DD406B6CE2E3}.Release|Any CPU.ActiveCfg = Release|Any CPU
		{7D932380-FAF4-4485-A308-DD406B6CE2E3}.Release|Any CPU.Build.0 = Release|Any CPU
		{C14EA3E9-D972-40BC-84C0-DCA3CE6533C6}.Debug|Any CPU.ActiveCfg = Debug|Any CPU
		{C14EA3E9-D972-40BC-84C0-DCA3CE6533C6}.Debug|Any CPU.Build.0 = Debug|Any CPU
		{C14EA3E9-D972-40BC-84C0-DCA3CE6533C6}.Release|Any CPU.ActiveCfg = Release|Any CPU
		{C14EA3E9-D972-40BC-84C0-DCA3CE6533C6}.Release|Any CPU.Build.0 = Release|Any CPU
		{0F4434D1-7D54-4D19-A160-96F28EADDCAB}.Debug|Any CPU.ActiveCfg = Debug|Any CPU
		{0F4434D1-7D54-4D19-A160-96F28EADDCAB}.Debug|Any CPU.Build.0 = Debug|Any CPU
		{0F4434D1-7D54-4D19-A160-96F28EADDCAB}.Release|Any CPU.ActiveCfg = Release|Any CPU
		{0F4434D1-7D54-4D19-A160-96F28EADDCAB}.Release|Any CPU.Build.0 = Release|Any CPU
		{6FE51E1F-8510-4DB6-A4FC-64AF253DE770}.Debug|Any CPU.ActiveCfg = Debug|Any CPU
		{6FE51E1F-8510-4DB6-A4FC-64AF253DE770}.Debug|Any CPU.Build.0 = Debug|Any CPU
		{6FE51E1F-8510-4DB6-A4FC-64AF253DE770}.Release|Any CPU.ActiveCfg = Release|Any CPU
		{6FE51E1F-8510-4DB6-A4FC-64AF253DE770}.Release|Any CPU.Build.0 = Release|Any CPU
		{28FE8095-47C8-4BE0-AAEA-B9AE7FF18FC9}.Debug|Any CPU.ActiveCfg = Debug|Any CPU
		{28FE8095-47C8-4BE0-AAEA-B9AE7FF18FC9}.Debug|Any CPU.Build.0 = Debug|Any CPU
		{28FE8095-47C8-4BE0-AAEA-B9AE7FF18FC9}.Release|Any CPU.ActiveCfg = Release|Any CPU
		{28FE8095-47C8-4BE0-AAEA-B9AE7FF18FC9}.Release|Any CPU.Build.0 = Release|Any CPU
		{153D4925-9844-49D7-AC38-DF74EADA47E0}.Debug|Any CPU.ActiveCfg = Debug|Any CPU
		{153D4925-9844-49D7-AC38-DF74EADA47E0}.Debug|Any CPU.Build.0 = Debug|Any CPU
		{153D4925-9844-49D7-AC38-DF74EADA47E0}.Release|Any CPU.ActiveCfg = Release|Any CPU
		{153D4925-9844-49D7-AC38-DF74EADA47E0}.Release|Any CPU.Build.0 = Release|Any CPU
		{1D48F8FC-545F-484B-B12A-47D1E92A488E}.Debug|Any CPU.ActiveCfg = Debug|Any CPU
		{1D48F8FC-545F-484B-B12A-47D1E92A488E}.Debug|Any CPU.Build.0 = Debug|Any CPU
		{1D48F8FC-545F-484B-B12A-47D1E92A488E}.Release|Any CPU.ActiveCfg = Release|Any CPU
		{1D48F8FC-545F-484B-B12A-47D1E92A488E}.Release|Any CPU.Build.0 = Release|Any CPU
		{13DB917F-BB2E-4B76-A0A1-23D8F986F002}.Debug|Any CPU.ActiveCfg = Debug|Any CPU
		{13DB917F-BB2E-4B76-A0A1-23D8F986F002}.Debug|Any CPU.Build.0 = Debug|Any CPU
		{13DB917F-BB2E-4B76-A0A1-23D8F986F002}.Release|Any CPU.ActiveCfg = Release|Any CPU
		{13DB917F-BB2E-4B76-A0A1-23D8F986F002}.Release|Any CPU.Build.0 = Release|Any CPU
		{270EAD4B-84AF-466E-B266-D04D698C7685}.Debug|Any CPU.ActiveCfg = Debug|Any CPU
		{270EAD4B-84AF-466E-B266-D04D698C7685}.Debug|Any CPU.Build.0 = Debug|Any CPU
		{270EAD4B-84AF-466E-B266-D04D698C7685}.Release|Any CPU.ActiveCfg = Release|Any CPU
		{270EAD4B-84AF-466E-B266-D04D698C7685}.Release|Any CPU.Build.0 = Release|Any CPU
		{F07807D4-9F82-40E6-AF21-5FAA52EE447F}.Debug|Any CPU.ActiveCfg = Debug|Any CPU
		{F07807D4-9F82-40E6-AF21-5FAA52EE447F}.Debug|Any CPU.Build.0 = Debug|Any CPU
		{F07807D4-9F82-40E6-AF21-5FAA52EE447F}.Release|Any CPU.ActiveCfg = Release|Any CPU
		{F07807D4-9F82-40E6-AF21-5FAA52EE447F}.Release|Any CPU.Build.0 = Release|Any CPU
	EndGlobalSection
	GlobalSection(SolutionProperties) = preSolution
		HideSolutionNode = FALSE
	EndGlobalSection
	GlobalSection(ExtensibilityGlobals) = postSolution
		SolutionGuid = {DD6ED695-DC01-4AF9-96E5-CF1A5D6808FE}
	EndGlobalSection
EndGlobal
